
Microsoft Visual Studio Solution File, Format Version 12.00
# Visual Studio Version 16
VisualStudioVersion = 16.0.31005.135
MinimumVisualStudioVersion = 10.0.40219.1
Project("{FAE04EC0-301F-11D3-BF4B-00C04F79EFBC}") = "AIBotWithTests1", "AIBotWithTests1\AIBotWithTests1\AIBotWithTests1.csproj", "{11A57E1A-37F0-4540-9075-D608A4B7F38C}"
EndProject
Project("{9A19103F-16F7-4668-BE54-9A1E7A4F7556}") = "AIBotWithTests1ML.Model", "AIBotWithTests1\AIBotWithTests1ML.Model\AIBotWithTests1ML.Model.csproj", "{C19F1575-16FD-4CE3-AF00-740DF57E150C}"
EndProject
Project("{9A19103F-16F7-4668-BE54-9A1E7A4F7556}") = "AIBotWithTests1ML.ConsoleApp", "AIBotWithTests1\AIBotWithTests1ML.ConsoleApp\AIBotWithTests1ML.ConsoleApp.csproj", "{2363395F-078B-4EAF-8967-690E4936616A}"
EndProject
Global
	GlobalSection(SolutionConfigurationPlatforms) = preSolution
		Debug|Any CPU = Debug|Any CPU
		Release|Any CPU = Release|Any CPU
	EndGlobalSection
	GlobalSection(ProjectConfigurationPlatforms) = postSolution
		{11A57E1A-37F0-4540-9075-D608A4B7F38C}.Debug|Any CPU.ActiveCfg = Debug|Any CPU
		{11A57E1A-37F0-4540-9075-D608A4B7F38C}.Debug|Any CPU.Build.0 = Debug|Any CPU
		{11A57E1A-37F0-4540-9075-D608A4B7F38C}.Release|Any CPU.ActiveCfg = Release|Any CPU
		{11A57E1A-37F0-4540-9075-D608A4B7F38C}.Release|Any CPU.Build.0 = Release|Any CPU
		{C19F1575-16FD-4CE3-AF00-740DF57E150C}.Debug|Any CPU.ActiveCfg = Debug|Any CPU
		{C19F1575-16FD-4CE3-AF00-740DF57E150C}.Debug|Any CPU.Build.0 = Debug|Any CPU
		{C19F1575-16FD-4CE3-AF00-740DF57E150C}.Release|Any CPU.ActiveCfg = Release|Any CPU
		{C19F1575-16FD-4CE3-AF00-740DF57E150C}.Release|Any CPU.Build.0 = Release|Any CPU
		{2363395F-078B-4EAF-8967-690E4936616A}.Debug|Any CPU.ActiveCfg = Debug|Any CPU
		{2363395F-078B-4EAF-8967-690E4936616A}.Debug|Any CPU.Build.0 = Debug|Any CPU
		{2363395F-078B-4EAF-8967-690E4936616A}.Release|Any CPU.ActiveCfg = Release|Any CPU
		{2363395F-078B-4EAF-8967-690E4936616A}.Release|Any CPU.Build.0 = Release|Any CPU
	EndGlobalSection
	GlobalSection(SolutionProperties) = preSolution
		HideSolutionNode = FALSE
	EndGlobalSection
	GlobalSection(ExtensibilityGlobals) = postSolution
		SolutionGuid = {DAA182C5-5192-4631-9842-44E3AD2E2EE4}
	EndGlobalSection
EndGlobal
